
Microsoft Visual Studio Solution File, Format Version 12.00
# Visual Studio Version 16
VisualStudioVersion = 16.0.30907.101
MinimumVisualStudioVersion = 10.0.40219.1
Project("{9A19103F-16F7-4668-BE54-9A1E7A4F7556}") = "MovieRater", "MovieRater\MovieRater.csproj", "{23DC84FA-CBDF-46B0-A9BE-85B064EDC2A8}"
EndProject
Project("{9A19103F-16F7-4668-BE54-9A1E7A4F7556}") = "Movie_Rater.Model", "Movie_Rater.Model\Movie_Rater.Model.csproj", "{041D4FF2-CC16-4264-8BF1-DCDBC84AA1AF}"
EndProject
Global
	GlobalSection(SolutionConfigurationPlatforms) = preSolution
		Debug|Any CPU = Debug|Any CPU
		Debug|ARM = Debug|ARM
		Debug|ARM64 = Debug|ARM64
		Debug|x64 = Debug|x64
		Debug|x86 = Debug|x86
		Release|Any CPU = Release|Any CPU
		Release|ARM = Release|ARM
		Release|ARM64 = Release|ARM64
		Release|x64 = Release|x64
		Release|x86 = Release|x86
	EndGlobalSection
	GlobalSection(ProjectConfigurationPlatforms) = postSolution
		{23DC84FA-CBDF-46B0-A9BE-85B064EDC2A8}.Debug|Any CPU.ActiveCfg = Debug|Any CPU
		{23DC84FA-CBDF-46B0-A9BE-85B064EDC2A8}.Debug|Any CPU.Build.0 = Debug|Any CPU
		{23DC84FA-CBDF-46B0-A9BE-85B064EDC2A8}.Debug|ARM.ActiveCfg = Debug|Any CPU
		{23DC84FA-CBDF-46B0-A9BE-85B064EDC2A8}.Debug|ARM.Build.0 = Debug|Any CPU
		{23DC84FA-CBDF-46B0-A9BE-85B064EDC2A8}.Debug|ARM64.ActiveCfg = Debug|Any CPU
		{23DC84FA-CBDF-46B0-A9BE-85B064EDC2A8}.Debug|ARM64.Build.0 = Debug|Any CPU
		{23DC84FA-CBDF-46B0-A9BE-85B064EDC2A8}.Debug|x64.ActiveCfg = Debug|Any CPU
		{23DC84FA-CBDF-46B0-A9BE-85B064EDC2A8}.Debug|x64.Build.0 = Debug|Any CPU
		{23DC84FA-CBDF-46B0-A9BE-85B064EDC2A8}.Debug|x86.ActiveCfg = Debug|Any CPU
		{23DC84FA-CBDF-46B0-A9BE-85B064EDC2A8}.Debug|x86.Build.0 = Debug|Any CPU
		{23DC84FA-CBDF-46B0-A9BE-85B064EDC2A8}.Release|Any CPU.ActiveCfg = Release|Any CPU
		{23DC84FA-CBDF-46B0-A9BE-85B064EDC2A8}.Release|Any CPU.Build.0 = Release|Any CPU
		{23DC84FA-CBDF-46B0-A9BE-85B064EDC2A8}.Release|ARM.ActiveCfg = Release|Any CPU
		{23DC84FA-CBDF-46B0-A9BE-85B064EDC2A8}.Release|ARM.Build.0 = Release|Any CPU
		{23DC84FA-CBDF-46B0-A9BE-85B064EDC2A8}.Release|ARM64.ActiveCfg = Release|Any CPU
		{23DC84FA-CBDF-46B0-A9BE-85B064EDC2A8}.Release|ARM64.Build.0 = Release|Any CPU
		{23DC84FA-CBDF-46B0-A9BE-85B064EDC2A8}.Release|x64.ActiveCfg = Release|Any CPU
		{23DC84FA-CBDF-46B0-A9BE-85B064EDC2A8}.Release|x64.Build.0 = Release|Any CPU
		{23DC84FA-CBDF-46B0-A9BE-85B064EDC2A8}.Release|x86.ActiveCfg = Release|Any CPU
		{23DC84FA-CBDF-46B0-A9BE-85B064EDC2A8}.Release|x86.Build.0 = Release|Any CPU
		{041D4FF2-CC16-4264-8BF1-DCDBC84AA1AF}.Debug|Any CPU.ActiveCfg = Debug|Any CPU
		{041D4FF2-CC16-4264-8BF1-DCDBC84AA1AF}.Debug|Any CPU.Build.0 = Debug|Any CPU
		{041D4FF2-CC16-4264-8BF1-DCDBC84AA1AF}.Debug|ARM.ActiveCfg = Debug|Any CPU
		{041D4FF2-CC16-4264-8BF1-DCDBC84AA1AF}.Debug|ARM.Build.0 = Debug|Any CPU
		{041D4FF2-CC16-4264-8BF1-DCDBC84AA1AF}.Debug|ARM64.ActiveCfg = Debug|Any CPU
		{041D4FF2-CC16-4264-8BF1-DCDBC84AA1AF}.Debug|ARM64.Build.0 = Debug|Any CPU
		{041D4FF2-CC16-4264-8BF1-DCDBC84AA1AF}.Debug|x64.ActiveCfg = Debug|Any CPU
		{041D4FF2-CC16-4264-8BF1-DCDBC84AA1AF}.Debug|x64.Build.0 = Debug|Any CPU
		{041D4FF2-CC16-4264-8BF1-DCDBC84AA1AF}.Debug|x86.ActiveCfg = Debug|Any CPU
		{041D4FF2-CC16-4264-8BF1-DCDBC84AA1AF}.Debug|x86.Build.0 = Debug|Any CPU
		{041D4FF2-CC16-4264-8BF1-DCDBC84AA1AF}.Release|Any CPU.ActiveCfg = Release|Any CPU
		{041D4FF2-CC16-4264-8BF1-DCDBC84AA1AF}.Release|Any CPU.Build.0 = Release|Any CPU
		{041D4FF2-CC16-4264-8BF1-DCDBC84AA1AF}.Release|ARM.ActiveCfg = Release|Any CPU
		{041D4FF2-CC16-4264-8BF1-DCDBC84AA1AF}.Release|ARM.Build.0 = Release|Any CPU
		{041D4FF2-CC16-4264-8BF1-DCDBC84AA1AF}.Release|ARM64.ActiveCfg = Release|Any CPU
		{041D4FF2-CC16-4264-8BF1-DCDBC84AA1AF}.Release|ARM64.Build.0 = Release|Any CPU
		{041D4FF2-CC16-4264-8BF1-DCDBC84AA1AF}.Release|x64.ActiveCfg = Release|Any CPU
		{041D4FF2-CC16-4264-8BF1-DCDBC84AA1AF}.Release|x64.Build.0 = Release|Any CPU
		{041D4FF2-CC16-4264-8BF1-DCDBC84AA1AF}.Release|x86.ActiveCfg = Release|Any CPU
		{041D4FF2-CC16-4264-8BF1-DCDBC84AA1AF}.Release|x86.Build.0 = Release|Any CPU
	EndGlobalSection
	GlobalSection(SolutionProperties) = preSolution
		HideSolutionNode = FALSE
	EndGlobalSection
	GlobalSection(ExtensibilityGlobals) = postSolution
		SolutionGuid = {F8465546-BD7E-496F-B91D-CADD53D002F8}
	EndGlobalSection
EndGlobal
